
Microsoft Visual Studio Solution File, Format Version 12.00
# Visual Studio Version 17
VisualStudioVersion = 17.0.32112.339
MinimumVisualStudioVersion = 10.0.40219.1
Project("{FAE04EC0-301F-11D3-BF4B-00C04F79EFBC}") = "AtividadeViewCell.UWP", "AtividadeViewCell\AtividadeViewCell.UWP\AtividadeViewCell.UWP.csproj", "{37310896-D99A-447F-8E7C-8E46FE09058E}"
EndProject
Project("{FAE04EC0-301F-11D3-BF4B-00C04F79EFBC}") = "AtividadeViewCell.Android", "AtividadeViewCell\AtividadeViewCell.Android\AtividadeViewCell.Android.csproj", "{097A82F1-E5EF-4B38-9F10-D79ECDC4D6F2}"
EndProject
Project("{FAE04EC0-301F-11D3-BF4B-00C04F79EFBC}") = "AtividadeViewCell", "AtividadeViewCell\AtividadeViewCell\AtividadeViewCell.csproj", "{5EA122C3-2614-4711-9860-A6B9C54EA9DD}"
EndProject
Global
	GlobalSection(SolutionConfigurationPlatforms) = preSolution
		Debug|Any CPU = Debug|Any CPU
		Debug|ARM = Debug|ARM
		Debug|x64 = Debug|x64
		Debug|x86 = Debug|x86
		Release|Any CPU = Release|Any CPU
		Release|ARM = Release|ARM
		Release|x64 = Release|x64
		Release|x86 = Release|x86
	EndGlobalSection
	GlobalSection(ProjectConfigurationPlatforms) = postSolution
		{37310896-D99A-447F-8E7C-8E46FE09058E}.Debug|Any CPU.ActiveCfg = Debug|x64
		{37310896-D99A-447F-8E7C-8E46FE09058E}.Debug|Any CPU.Build.0 = Debug|x64
		{37310896-D99A-447F-8E7C-8E46FE09058E}.Debug|Any CPU.Deploy.0 = Debug|x64
		{37310896-D99A-447F-8E7C-8E46FE09058E}.Debug|ARM.ActiveCfg = Debug|ARM
		{37310896-D99A-447F-8E7C-8E46FE09058E}.Debug|ARM.Build.0 = Debug|ARM
		{37310896-D99A-447F-8E7C-8E46FE09058E}.Debug|ARM.Deploy.0 = Debug|ARM
		{37310896-D99A-447F-8E7C-8E46FE09058E}.Debug|x64.ActiveCfg = Debug|x64
		{37310896-D99A-447F-8E7C-8E46FE09058E}.Debug|x64.Build.0 = Debug|x64
		{37310896-D99A-447F-8E7C-8E46FE09058E}.Debug|x64.Deploy.0 = Debug|x64
		{37310896-D99A-447F-8E7C-8E46FE09058E}.Debug|x86.ActiveCfg = Debug|x86
		{37310896-D99A-447F-8E7C-8E46FE09058E}.Debug|x86.Build.0 = Debug|x86
		{37310896-D99A-447F-8E7C-8E46FE09058E}.Debug|x86.Deploy.0 = Debug|x86
		{37310896-D99A-447F-8E7C-8E46FE09058E}.Release|Any CPU.ActiveCfg = Release|x64
		{37310896-D99A-447F-8E7C-8E46FE09058E}.Release|Any CPU.Build.0 = Release|x64
		{37310896-D99A-447F-8E7C-8E46FE09058E}.Release|Any CPU.Deploy.0 = Release|x64
		{37310896-D99A-447F-8E7C-8E46FE09058E}.Release|ARM.ActiveCfg = Release|ARM
		{37310896-D99A-447F-8E7C-8E46FE09058E}.Release|ARM.Build.0 = Release|ARM
		{37310896-D99A-447F-8E7C-8E46FE09058E}.Release|ARM.Deploy.0 = Release|ARM
		{37310896-D99A-447F-8E7C-8E46FE09058E}.Release|x64.ActiveCfg = Release|x64
		{37310896-D99A-447F-8E7C-8E46FE09058E}.Release|x64.Build.0 = Release|x64
		{37310896-D99A-447F-8E7C-8E46FE09058E}.Release|x64.Deploy.0 = Release|x64
		{37310896-D99A-447F-8E7C-8E46FE09058E}.Release|x86.ActiveCfg = Release|x86
		{37310896-D99A-447F-8E7C-8E46FE09058E}.Release|x86.Build.0 = Release|x86
		{37310896-D99A-447F-8E7C-8E46FE09058E}.Release|x86.Deploy.0 = Release|x86
		{097A82F1-E5EF-4B38-9F10-D79ECDC4D6F2}.Debug|Any CPU.ActiveCfg = Debug|Any CPU
		{097A82F1-E5EF-4B38-9F10-D79ECDC4D6F2}.Debug|Any CPU.Build.0 = Debug|Any CPU
		{097A82F1-E5EF-4B38-9F10-D79ECDC4D6F2}.Debug|Any CPU.Deploy.0 = Debug|Any CPU
		{097A82F1-E5EF-4B38-9F10-D79ECDC4D6F2}.Debug|ARM.ActiveCfg = Debug|Any CPU
		{097A82F1-E5EF-4B38-9F10-D79ECDC4D6F2}.Debug|ARM.Build.0 = Debug|Any CPU
		{097A82F1-E5EF-4B38-9F10-D79ECDC4D6F2}.Debug|ARM.Deploy.0 = Debug|Any CPU
		{097A82F1-E5EF-4B38-9F10-D79ECDC4D6F2}.Debug|x64.ActiveCfg = Debug|Any CPU
		{097A82F1-E5EF-4B38-9F10-D79ECDC4D6F2}.Debug|x64.Build.0 = Debug|Any CPU
		{097A82F1-E5EF-4B38-9F10-D79ECDC4D6F2}.Debug|x64.Deploy.0 = Debug|Any CPU
		{097A82F1-E5EF-4B38-9F10-D79ECDC4D6F2}.Debug|x86.ActiveCfg = Debug|Any CPU
		{097A82F1-E5EF-4B38-9F10-D79ECDC4D6F2}.Debug|x86.Build.0 = Debug|Any CPU
		{097A82F1-E5EF-4B38-9F10-D79ECDC4D6F2}.Debug|x86.Deploy.0 = Debug|Any CPU
		{097A82F1-E5EF-4B38-9F10-D79ECDC4D6F2}.Release|Any CPU.ActiveCfg = Release|Any CPU
		{097A82F1-E5EF-4B38-9F10-D79ECDC4D6F2}.Release|Any CPU.Build.0 = Release|Any CPU
		{097A82F1-E5EF-4B38-9F10-D79ECDC4D6F2}.Release|Any CPU.Deploy.0 = Release|Any CPU
		{097A82F1-E5EF-4B38-9F10-D79ECDC4D6F2}.Release|ARM.ActiveCfg = Release|Any CPU
		{097A82F1-E5EF-4B38-9F10-D79ECDC4D6F2}.Release|ARM.Build.0 = Release|Any CPU
		{097A82F1-E5EF-4B38-9F10-D79ECDC4D6F2}.Release|ARM.Deploy.0 = Release|Any CPU
		{097A82F1-E5EF-4B38-9F10-D79ECDC4D6F2}.Release|x64.ActiveCfg = Release|Any CPU
		{097A82F1-E5EF-4B38-9F10-D79ECDC4D6F2}.Release|x64.Build.0 = Release|Any CPU
		{097A82F1-E5EF-4B38-9F10-D79ECDC4D6F2}.Release|x64.Deploy.0 = Release|Any CPU
		{097A82F1-E5EF-4B38-9F10-D79ECDC4D6F2}.Release|x86.ActiveCfg = Release|Any CPU
		{097A82F1-E5EF-4B38-9F10-D79ECDC4D6F2}.Release|x86.Build.0 = Release|Any CPU
		{097A82F1-E5EF-4B38-9F10-D79ECDC4D6F2}.Release|x86.Deploy.0 = Release|Any CPU
		{5EA122C3-2614-4711-9860-A6B9C54EA9DD}.Debug|Any CPU.ActiveCfg = Debug|Any CPU
		{5EA122C3-2614-4711-9860-A6B9C54EA9DD}.Debug|Any CPU.Build.0 = Debug|Any CPU
		{5EA122C3-2614-4711-9860-A6B9C54EA9DD}.Debug|Any CPU.Deploy.0 = Debug|Any CPU
		{5EA122C3-2614-4711-9860-A6B9C54EA9DD}.Debug|ARM.ActiveCfg = Debug|Any CPU
		{5EA122C3-2614-4711-9860-A6B9C54EA9DD}.Debug|ARM.Build.0 = Debug|Any CPU
		{5EA122C3-2614-4711-9860-A6B9C54EA9DD}.Debug|ARM.Deploy.0 = Debug|Any CPU
		{5EA122C3-2614-4711-9860-A6B9C54EA9DD}.Debug|x64.ActiveCfg = Debug|Any CPU
		{5EA122C3-2614-4711-9860-A6B9C54EA9DD}.Debug|x64.Build.0 = Debug|Any CPU
		{5EA122C3-2614-4711-9860-A6B9C54EA9DD}.Debug|x64.Deploy.0 = Debug|Any CPU
		{5EA122C3-2614-4711-9860-A6B9C54EA9DD}.Debug|x86.ActiveCfg = Debug|Any CPU
		{5EA122C3-2614-4711-9860-A6B9C54EA9DD}.Debug|x86.Build.0 = Debug|Any CPU
		{5EA122C3-2614-4711-9860-A6B9C54EA9DD}.Debug|x86.Deploy.0 = Debug|Any CPU
		{5EA122C3-2614-4711-9860-A6B9C54EA9DD}.Release|Any CPU.ActiveCfg = Release|Any CPU
		{5EA122C3-2614-4711-9860-A6B9C54EA9DD}.Release|Any CPU.Build.0 = Release|Any CPU
		{5EA122C3-2614-4711-9860-A6B9C54EA9DD}.Release|Any CPU.Deploy.0 = Release|Any CPU
		{5EA122C3-2614-4711-9860-A6B9C54EA9DD}.Release|ARM.ActiveCfg = Release|Any CPU
		{5EA122C3-2614-4711-9860-A6B9C54EA9DD}.Release|ARM.Build.0 = Release|Any CPU
		{5EA122C3-2614-4711-9860-A6B9C54EA9DD}.Release|ARM.Deploy.0 = Release|Any CPU
		{5EA122C3-2614-4711-9860-A6B9C54EA9DD}.Release|x64.ActiveCfg = Release|Any CPU
		{5EA122C3-2614-4711-9860-A6B9C54EA9DD}.Release|x64.Build.0 = Release|Any CPU
		{5EA122C3-2614-4711-9860-A6B9C54EA9DD}.Release|x64.Deploy.0 = Release|Any CPU
		{5EA122C3-2614-4711-9860-A6B9C54EA9DD}.Release|x86.ActiveCfg = Release|Any CPU
		{5EA122C3-2614-4711-9860-A6B9C54EA9DD}.Release|x86.Build.0 = Release|Any CPU
		{5EA122C3-2614-4711-9860-A6B9C54EA9DD}.Release|x86.Deploy.0 = Release|Any CPU
	EndGlobalSection
	GlobalSection(SolutionProperties) = preSolution
		HideSolutionNode = FALSE
	EndGlobalSection
	GlobalSection(ExtensibilityGlobals) = postSolution
		SolutionGuid = {6DC69D3A-D130-43EC-BA78-27122C3899D4}
	EndGlobalSection
EndGlobal
